{
    "_readme": [
        "This file locks the dependencies of your project to a known state",
        "Read more about it at https://getcomposer.org/doc/01-basic-usage.md#composer-lock-the-lock-file",
        "This file is @generated automatically"
    ],
    "hash": "4e173b2a9dad411979481973095b6f7a",
    "content-hash": "ec03203bcd361b983c62933f0659d8f5",
    "packages": [
        {
            "name": "inlinestyle/inlinestyle",
            "version": "1.2.5",
            "source": {
                "type": "git",
                "url": "https://github.com/christiaan/InlineStyle.git",
                "reference": "4077e9037112be3a5545094aa3921183553c5f61"
            },
            "dist": {
                "type": "zip",
                "url": "https://api.github.com/repos/christiaan/InlineStyle/zipball/4077e9037112be3a5545094aa3921183553c5f61",
                "reference": "4077e9037112be3a5545094aa3921183553c5f61",
                "shasum": ""
            },
            "require": {
                "php": ">=5.3.3",
                "symfony/css-selector": "~2.1"
            },
            "require-dev": {
                "phpunit/phpunit": "3.7.*"
            },
            "type": "library",
            "autoload": {
                "psr-0": {
                    "InlineStyle": ""
                }
            },
            "notification-url": "https://packagist.org/downloads/",
            "license": [
                "MIT"
            ],
            "authors": [
                {
                    "name": "Christiaan Baartse"
                },
                {
                    "name": "Michael Tibben"
                }
            ],
            "description": "Apply CSS stylesheets directly as inline styles to a HTML document",
            "keywords": [
                "css",
                "email",
                "inline"
            ],
            "time": "2014-05-21 18:16:54"
        },
        {
            "name": "symfony/css-selector",
            "version": "v2.7.7",
            "source": {
                "type": "git",
                "url": "https://github.com/symfony/css-selector.git",
                "reference": "abb47717fb88aebd9437da2fc8bb01a50a36679f"
            },
            "dist": {
                "type": "zip",
                "url": "https://api.github.com/repos/symfony/css-selector/zipball/abb47717fb88aebd9437da2fc8bb01a50a36679f",
                "reference": "abb47717fb88aebd9437da2fc8bb01a50a36679f",
                "shasum": ""
            },
            "require": {
                "php": ">=5.3.9"
            },
            "type": "library",
            "extra": {
                "branch-alias": {
                    "dev-master": "2.7-dev"
                }
            },
            "autoload": {
                "psr-4": {
                    "Symfony\\Component\\CssSelector\\": ""
                },
                "exclude-from-classmap": [
                    "/Tests/"
                ]
            },
            "notification-url": "https://packagist.org/downloads/",
            "license": [
                "MIT"
            ],
            "authors": [
                {
                    "name": "Jean-François Simon",
                    "email": "jeanfrancois.simon@sensiolabs.com"
                },
                {
                    "name": "Fabien Potencier",
                    "email": "fabien@symfony.com"
                },
                {
                    "name": "Symfony Community",
                    "homepage": "https://symfony.com/contributors"
                }
            ],
            "description": "Symfony CssSelector Component",
            "homepage": "https://symfony.com",
            "time": "2015-10-30 20:10:21"
        }
    ],
    "packages-dev": [],
    "aliases": [],
    "minimum-stability": "stable",
    "stability-flags": [],
    "prefer-stable": false,
    "prefer-lowest": false,
    "platform": [],
    "platform-dev": []
}
